// !$*UTF8*$!
{
	archiveVersion = 1;
	classes = {
	};
	objectVersion = 56;
	objects = {

/* Begin PBXBuildFile section */
		CB257895294DF842006AD324 /* ChatAIApp.swift in Sources */ = {isa = PBXBuildFile; fileRef = CB257894294DF842006AD324 /* ChatAIApp.swift */; };
		CB257897294DF842006AD324 /* ContentView.swift in Sources */ = {isa = PBXBuildFile; fileRef = CB257896294DF842006AD324 /* ContentView.swift */; };
		CB257899294DF842006AD324 /* Assets.xcassets in Resources */ = {isa = PBXBuildFile; fileRef = CB257898294DF842006AD324 /* Assets.xcassets */; };
		CB25789C294DF842006AD324 /* Preview Assets.xcassets in Resources */ = {isa = PBXBuildFile; fileRef = CB25789B294DF842006AD324 /* Preview Assets.xcassets */; };
		CB2578A4294E0622006AD324 /* OpenAISwift in Frameworks */ = {isa = PBXBuildFile; productRef = CB2578A3294E0622006AD324 /* OpenAISwift */; };
		CB2578A9294E1298006AD324 /* Message.swift in Sources */ = {isa = PBXBuildFile; fileRef = CB2578A8294E1298006AD324 /* Message.swift */; };
		CB2578AC294E158C006AD324 /* RoundedCorner.swift in Sources */ = {isa = PBXBuildFile; fileRef = CB2578AB294E158C006AD324 /* RoundedCorner.swift */; };
		CB2578AE294E159D006AD324 /* MessageBubble.swift in Sources */ = {isa = PBXBuildFile; fileRef = CB2578AD294E159D006AD324 /* MessageBubble.swift */; };
		CB2578B0294E1A6C006AD324 /* ChatStore.swift in Sources */ = {isa = PBXBuildFile; fileRef = CB2578AF294E1A6C006AD324 /* ChatStore.swift */; };
		CB2578B4294E1CEE006AD324 /* AppStore.swift in Sources */ = {isa = PBXBuildFile; fileRef = CB2578B3294E1CEE006AD324 /* AppStore.swift */; };
		CB2578B6294E1F22006AD324 /* Esting.swift in Sources */ = {isa = PBXBuildFile; fileRef = CB2578B5294E1F22006AD324 /* Esting.swift */; };
/* End PBXBuildFile section */

/* Begin PBXFileReference section */
		CB257891294DF842006AD324 /* ChatAI.app */ = {isa = PBXFileReference; explicitFileType = wrapper.application; includeInIndex = 0; path = ChatAI.app; sourceTree = BUILT_PRODUCTS_DIR; };
		CB257894294DF842006AD324 /* ChatAIApp.swift */ = {isa = PBXFileReference; lastKnownFileType = sourcecode.swift; path = ChatAIApp.swift; sourceTree = "<group>"; };
		CB257896294DF842006AD324 /* ContentView.swift */ = {isa = PBXFileReference; lastKnownFileType = sourcecode.swift; path = ContentView.swift; sourceTree = "<group>"; };
		CB257898294DF842006AD324 /* Assets.xcassets */ = {isa = PBXFileReference; lastKnownFileType = folder.assetcatalog; path = Assets.xcassets; sourceTree = "<group>"; };
		CB25789B294DF842006AD324 /* Preview Assets.xcassets */ = {isa = PBXFileReference; lastKnownFileType = folder.assetcatalog; path = "Preview Assets.xcassets"; sourceTree = "<group>"; };
		CB2578A8294E1298006AD324 /* Message.swift */ = {isa = PBXFileReference; lastKnownFileType = sourcecode.swift; path = Message.swift; sourceTree = "<group>"; };
		CB2578AB294E158C006AD324 /* RoundedCorner.swift */ = {isa = PBXFileReference; lastKnownFileType = sourcecode.swift; path = RoundedCorner.swift; sourceTree = "<group>"; };
		CB2578AD294E159D006AD324 /* MessageBubble.swift */ = {isa = PBXFileReference; lastKnownFileType = sourcecode.swift; path = MessageBubble.swift; sourceTree = "<group>"; };
		CB2578AF294E1A6C006AD324 /* ChatStore.swift */ = {isa = PBXFileReference; lastKnownFileType = sourcecode.swift; path = ChatStore.swift; sourceTree = "<group>"; };
		CB2578B3294E1CEE006AD324 /* AppStore.swift */ = {isa = PBXFileReference; lastKnownFileType = sourcecode.swift; path = AppStore.swift; sourceTree = "<group>"; };
		CB2578B5294E1F22006AD324 /* Esting.swift */ = {isa = PBXFileReference; lastKnownFileType = sourcecode.swift; path = Esting.swift; sourceTree = "<group>"; };
/* End PBXFileReference section */

/* Begin PBXFrameworksBuildPhase section */
		CB25788E294DF842006AD324 /* Frameworks */ = {
			isa = PBXFrameworksBuildPhase;
			buildActionMask = 2147483647;
			files = (
				CB2578A4294E0622006AD324 /* OpenAISwift in Frameworks */,
			);
			runOnlyForDeploymentPostprocessing = 0;
		};
/* End PBXFrameworksBuildPhase section */

/* Begin PBXGroup section */
		CB257888294DF842006AD324 = {
			isa = PBXGroup;
			children = (
				CB257893294DF842006AD324 /* ChatAI */,
				CB257892294DF842006AD324 /* Products */,
			);
			sourceTree = "<group>";
		};
		CB257892294DF842006AD324 /* Products */ = {
			isa = PBXGroup;
			children = (
				CB257891294DF842006AD324 /* ChatAI.app */,
			);
			name = Products;
			sourceTree = "<group>";
		};
		CB257893294DF842006AD324 /* ChatAI */ = {
			isa = PBXGroup;
			children = (
				CB257894294DF842006AD324 /* ChatAIApp.swift */,
				CB257896294DF842006AD324 /* ContentView.swift */,
				CB2578AD294E159D006AD324 /* MessageBubble.swift */,
				CB2578AF294E1A6C006AD324 /* ChatStore.swift */,
				CB2578B5294E1F22006AD324 /* Esting.swift */,
				CB2578B3294E1CEE006AD324 /* AppStore.swift */,
				CB2578AA294E1586006AD324 /* Helper */,
				CB2578A5294E1291006AD324 /* Models */,
				CB257898294DF842006AD324 /* Assets.xcassets */,
				CB25789A294DF842006AD324 /* Preview Content */,
			);
			path = ChatAI;
			sourceTree = "<group>";
		};
		CB25789A294DF842006AD324 /* Preview Content */ = {
			isa = PBXGroup;
			children = (
				CB25789B294DF842006AD324 /* Preview Assets.xcassets */,
			);
			path = "Preview Content";
			sourceTree = "<group>";
		};
		CB2578A5294E1291006AD324 /* Models */ = {
			isa = PBXGroup;
			children = (
				CB2578A8294E1298006AD324 /* Message.swift */,
			);
			path = Models;
			sourceTree = "<group>";
		};
		CB2578AA294E1586006AD324 /* Helper */ = {
			isa = PBXGroup;
			children = (
				CB2578AB294E158C006AD324 /* RoundedCorner.swift */,
			);
			path = Helper;
			sourceTree = "<group>";
		};
/* End PBXGroup section */

/* Begin PBXNativeTarget section */
		CB257890294DF842006AD324 /* ChatAI */ = {
			isa = PBXNativeTarget;
			buildConfigurationList = CB25789F294DF842006AD324 /* Build configuration list for PBXNativeTarget "ChatAI" */;
			buildPhases = (
				CB25788D294DF842006AD324 /* Sources */,
				CB25788E294DF842006AD324 /* Frameworks */,
				CB25788F294DF842006AD324 /* Resources */,
			);
			buildRules = (
			);
			dependencies = (
			);
			name = ChatAI;
			packageProductDependencies = (
				CB2578A3294E0622006AD324 /* OpenAISwift */,
			);
			productName = ChatAI;
			productReference = CB257891294DF842006AD324 /* ChatAI.app */;
			productType = "com.apple.product-type.application";
		};
/* End PBXNativeTarget section */

/* Begin PBXProject section */
		CB257889294DF842006AD324 /* Project object */ = {
			isa = PBXProject;
			attributes = {
				BuildIndependentTargetsInParallel = 1;
				LastSwiftUpdateCheck = 1400;
				LastUpgradeCheck = 1400;
				TargetAttributes = {
					CB257890294DF842006AD324 = {
						CreatedOnToolsVersion = 14.0;
					};
				};
			};
			buildConfigurationList = CB25788C294DF842006AD324 /* Build configuration list for PBXProject "ChatAI" */;
			compatibilityVersion = "Xcode 14.0";
			developmentRegion = en;
			hasScannedForEncodings = 0;
			knownRegions = (
				en,
				Base,
			);
			mainGroup = CB257888294DF842006AD324;
			packageReferences = (
				CB2578A2294E0622006AD324 /* XCRemoteSwiftPackageReference "OpenAISwift" */,
			);
			productRefGroup = CB257892294DF842006AD324 /* Products */;
			projectDirPath = "";
			projectRoot = "";
			targets = (
				CB257890294DF842006AD324 /* ChatAI */,
			);
		};
/* End PBXProject section */

/* Begin PBXResourcesBuildPhase section */
		CB25788F294DF842006AD324 /* Resources */ = {
			isa = PBXResourcesBuildPhase;
			buildActionMask = 2147483647;
			files = (
				CB25789C294DF842006AD324 /* Preview Assets.xcassets in Resources */,
				CB257899294DF842006AD324 /* Assets.xcassets in Resources */,
			);
			runOnlyForDeploymentPostprocessing = 0;
		};
/* End PBXResourcesBuildPhase section */

/* Begin PBXSourcesBuildPhase section */
		CB25788D294DF842006AD324 /* Sources */ = {
			isa = PBXSourcesBuildPhase;
			buildActionMask = 2147483647;
			files = (
				CB2578AC294E158C006AD324 /* RoundedCorner.swift in Sources */,
				CB2578B6294E1F22006AD324 /* Esting.swift in Sources */,
				CB2578B0294E1A6C006AD324 /* ChatStore.swift in Sources */,
				CB257897294DF842006AD324 /* ContentView.swift in Sources */,
				CB2578AE294E159D006AD324 /* MessageBubble.swift in Sources */,
				CB2578A9294E1298006AD324 /* Message.swift in Sources */,
				CB257895294DF842006AD324 /* ChatAIApp.swift in Sources */,
				CB2578B4294E1CEE006AD324 /* AppStore.swift in Sources */,
			);
			runOnlyForDeploymentPostprocessing = 0;
		};
/* End PBXSourcesBuildPhase section */

/* Begin XCBuildConfiguration section */
		CB25789D294DF842006AD324 /* Debug */ = {
			isa = XCBuildConfiguration;
			buildSettings = {
				ALWAYS_SEARCH_USER_PATHS = NO;
				CLANG_ANALYZER_NONNULL = YES;
				CLANG_ANALYZER_NUMBER_OBJECT_CONVERSION = YES_AGGRESSIVE;
				CLANG_CXX_LANGUAGE_STANDARD = "gnu++20";
				CLANG_ENABLE_MODULES = YES;
				CLANG_ENABLE_OBJC_ARC = YES;
				CLANG_ENABLE_OBJC_WEAK = YES;
				CLANG_WARN_BLOCK_CAPTURE_AUTORELEASING = YES;
				CLANG_WARN_BOOL_CONVERSION = YES;
				CLANG_WARN_COMMA = YES;
				CLANG_WARN_CONSTANT_CONVERSION = YES;
				CLANG_WARN_DEPRECATED_OBJC_IMPLEMENTATIONS = YES;
				CLANG_WARN_DIRECT_OBJC_ISA_USAGE = YES_ERROR;
				CLANG_WARN_DOCUMENTATION_COMMENTS = YES;
				CLANG_WARN_EMPTY_BODY = YES;
				CLANG_WARN_ENUM_CONVERSION = YES;
				CLANG_WARN_INFINITE_RECURSION = YES;
				CLANG_WARN_INT_CONVERSION = YES;
				CLANG_WARN_NON_LITERAL_NULL_CONVERSION = YES;
				CLANG_WARN_OBJC_IMPLICIT_RETAIN_SELF = YES;
				CLANG_WARN_OBJC_LITERAL_CONVERSION = YES;
				CLANG_WARN_OBJC_ROOT_CLASS = YES_ERROR;
				CLANG_WARN_QUOTED_INCLUDE_IN_FRAMEWORK_HEADER = YES;
				CLANG_WARN_RANGE_LOOP_ANALYSIS = YES;
				CLANG_WARN_STRICT_PROTOTYPES = YES;
				CLANG_WARN_SUSPICIOUS_MOVE = YES;
				CLANG_WARN_UNGUARDED_AVAILABILITY = YES_AGGRESSIVE;
				CLANG_WARN_UNREACHABLE_CODE = YES;
				CLANG_WARN__DUPLICATE_METHOD_MATCH = YES;
				COPY_PHASE_STRIP = NO;
				DEBUG_INFORMATION_FORMAT = dwarf;
				ENABLE_STRICT_OBJC_MSGSEND = YES;
				ENABLE_TESTABILITY = YES;
				GCC_C_LANGUAGE_STANDARD = gnu11;
				GCC_DYNAMIC_NO_PIC = NO;
				GCC_NO_COMMON_BLOCKS = YES;
				GCC_OPTIMIZATION_LEVEL = 0;
				GCC_PREPROCESSOR_DEFINITIONS = (
					"DEBUG=1",
					"$(inherited)",
				);
				GCC_WARN_64_TO_32_BIT_CONVERSION = YES;
				GCC_WARN_ABOUT_RETURN_TYPE = YES_ERROR;
				GCC_WARN_UNDECLARED_SELECTOR = YES;
				GCC_WARN_UNINITIALIZED_AUTOS = YES_AGGRESSIVE;
				GCC_WARN_UNUSED_FUNCTION = YES;
				GCC_WARN_UNUSED_VARIABLE = YES;
				IPHONEOS_DEPLOYMENT_TARGET = 16.0;
				MTL_ENABLE_DEBUG_INFO = INCLUDE_SOURCE;
				MTL_FAST_MATH = YES;
				ONLY_ACTIVE_ARCH = YES;
				SDKROOT = iphoneos;
				SWIFT_ACTIVE_COMPILATION_CONDITIONS = DEBUG;
				SWIFT_OPTIMIZATION_LEVEL = "-Onone";
			};
			name = Debug;
		};
		CB25789E294DF842006AD324 /* Release */ = {
			isa = XCBuildConfiguration;
			buildSettings = {
				ALWAYS_SEARCH_USER_PATHS = NO;
				CLANG_ANALYZER_NONNULL = YES;
				CLANG_ANALYZER_NUMBER_OBJECT_CONVERSION = YES_AGGRESSIVE;
				CLANG_CXX_LANGUAGE_STANDARD = "gnu++20";
				CLANG_ENABLE_MODULES = YES;
				CLANG_ENABLE_OBJC_ARC = YES;
				CLANG_ENABLE_OBJC_WEAK = YES;
				CLANG_WARN_BLOCK_CAPTURE_AUTORELEASING = YES;
				CLANG_WARN_BOOL_CONVERSION = YES;
				CLANG_WARN_COMMA = YES;
				CLANG_WARN_CONSTANT_CONVERSION = YES;
				CLANG_WARN_DEPRECATED_OBJC_IMPLEMENTATIONS = YES;
				CLANG_WARN_DIRECT_OBJC_ISA_USAGE = YES_ERROR;
				CLANG_WARN_DOCUMENTATION_COMMENTS = YES;
				CLANG_WARN_EMPTY_BODY = YES;
				CLANG_WARN_ENUM_CONVERSION = YES;
				CLANG_WARN_INFINITE_RECURSION = YES;
				CLANG_WARN_INT_CONVERSION = YES;
				CLANG_WARN_NON_LITERAL_NULL_CONVERSION = YES;
				CLANG_WARN_OBJC_IMPLICIT_RETAIN_SELF = YES;
				CLANG_WARN_OBJC_LITERAL_CONVERSION = YES;
				CLANG_WARN_OBJC_ROOT_CLASS = YES_ERROR;
				CLANG_WARN_QUOTED_INCLUDE_IN_FRAMEWORK_HEADER = YES;
				CLANG_WARN_RANGE_LOOP_ANALYSIS = YES;
				CLANG_WARN_STRICT_PROTOTYPES = YES;
				CLANG_WARN_SUSPICIOUS_MOVE = YES;
				CLANG_WARN_UNGUARDED_AVAILABILITY = YES_AGGRESSIVE;
				CLANG_WARN_UNREACHABLE_CODE = YES;
				CLANG_WARN__DUPLICATE_METHOD_MATCH = YES;
				COPY_PHASE_STRIP = NO;
				DEBUG_INFORMATION_FORMAT = "dwarf-with-dsym";
				ENABLE_NS_ASSERTIONS = NO;
				ENABLE_STRICT_OBJC_MSGSEND = YES;
				GCC_C_LANGUAGE_STANDARD = gnu11;
				GCC_NO_COMMON_BLOCKS = YES;
				GCC_WARN_64_TO_32_BIT_CONVERSION = YES;
				GCC_WARN_ABOUT_RETURN_TYPE = YES_ERROR;
				GCC_WARN_UNDECLARED_SELECTOR = YES;
				GCC_WARN_UNINITIALIZED_AUTOS = YES_AGGRESSIVE;
				GCC_WARN_UNUSED_FUNCTION = YES;
				GCC_WARN_UNUSED_VARIABLE = YES;
				IPHONEOS_DEPLOYMENT_TARGET = 16.0;
				MTL_ENABLE_DEBUG_INFO = NO;
				MTL_FAST_MATH = YES;
				SDKROOT = iphoneos;
				SWIFT_COMPILATION_MODE = wholemodule;
				SWIFT_OPTIMIZATION_LEVEL = "-O";
				VALIDATE_PRODUCT = YES;
			};
			name = Release;
		};
		CB2578A0294DF842006AD324 /* Debug */ = {
			isa = XCBuildConfiguration;
			buildSettings = {
				ASSETCATALOG_COMPILER_APPICON_NAME = AppIcon;
				ASSETCATALOG_COMPILER_GLOBAL_ACCENT_COLOR_NAME = AccentColor;
				CODE_SIGN_STYLE = Automatic;
				CURRENT_PROJECT_VERSION = 1;
				DEVELOPMENT_ASSET_PATHS = "\"ChatAI/Preview Content\"";
				DEVELOPMENT_TEAM = 6V9B6LUW22;
				ENABLE_PREVIEWS = YES;
				GENERATE_INFOPLIST_FILE = YES;
				INFOPLIST_KEY_UIApplicationSceneManifest_Generation = YES;
				INFOPLIST_KEY_UIApplicationSupportsIndirectInputEvents = YES;
				INFOPLIST_KEY_UILaunchScreen_Generation = YES;
				INFOPLIST_KEY_UISupportedInterfaceOrientations_iPad = "UIInterfaceOrientationPortrait UIInterfaceOrientationPortraitUpsideDown UIInterfaceOrientationLandscapeLeft UIInterfaceOrientationLandscapeRight";
				INFOPLIST_KEY_UISupportedInterfaceOrientations_iPhone = "UIInterfaceOrientationPortrait UIInterfaceOrientationLandscapeLeft UIInterfaceOrientationLandscapeRight";
				LD_RUNPATH_SEARCH_PATHS = (
					"$(inherited)",
					"@executable_path/Frameworks",
				);
				MARKETING_VERSION = 1.0;
				PRODUCT_BUNDLE_IDENTIFIER = com.abc.incs.cedricbahirwe.ChatAI;
				PRODUCT_NAME = "$(TARGET_NAME)";
				SWIFT_EMIT_LOC_STRINGS = YES;
				SWIFT_VERSION = 5.0;
				TARGETED_DEVICE_FAMILY = "1,2";
			};
			name = Debug;
		};
		CB2578A1294DF842006AD324 /* Release */ = {
			isa = XCBuildConfiguration;
			buildSettings = {
				ASSETCATALOG_COMPILER_APPICON_NAME = AppIcon;
				ASSETCATALOG_COMPILER_GLOBAL_ACCENT_COLOR_NAME = AccentColor;
				CODE_SIGN_STYLE = Automatic;
				CURRENT_PROJECT_VERSION = 1;
				DEVELOPMENT_ASSET_PATHS = "\"ChatAI/Preview Content\"";
				DEVELOPMENT_TEAM = 6V9B6LUW22;
				ENABLE_PREVIEWS = YES;
				GENERATE_INFOPLIST_FILE = YES;
				INFOPLIST_KEY_UIApplicationSceneManifest_Generation = YES;
				INFOPLIST_KEY_UIApplicationSupportsIndirectInputEvents = YES;
				INFOPLIST_KEY_UILaunchScreen_Generation = YES;
				INFOPLIST_KEY_UISupportedInterfaceOrientations_iPad = "UIInterfaceOrientationPortrait UIInterfaceOrientationPortraitUpsideDown UIInterfaceOrientationLandscapeLeft UIInterfaceOrientationLandscapeRight";
				INFOPLIST_KEY_UISupportedInterfaceOrientations_iPhone = "UIInterfaceOrientationPortrait UIInterfaceOrientationLandscapeLeft UIInterfaceOrientationLandscapeRight";
				LD_RUNPATH_SEARCH_PATHS = (
					"$(inherited)",
					"@executable_path/Frameworks",
				);
				MARKETING_VERSION = 1.0;
				PRODUCT_BUNDLE_IDENTIFIER = com.abc.incs.cedricbahirwe.ChatAI;
				PRODUCT_NAME = "$(TARGET_NAME)";
				SWIFT_EMIT_LOC_STRINGS = YES;
				SWIFT_VERSION = 5.0;
				TARGETED_DEVICE_FAMILY = "1,2";
			};
			name = Release;
		};
/* End XCBuildConfiguration section */

/* Begin XCConfigurationList section */
		CB25788C294DF842006AD324 /* Build configuration list for PBXProject "ChatAI" */ = {
			isa = XCConfigurationList;
			buildConfigurations = (
				CB25789D294DF842006AD324 /* Debug */,
				CB25789E294DF842006AD324 /* Release */,
			);
			defaultConfigurationIsVisible = 0;
			defaultConfigurationName = Release;
		};
		CB25789F294DF842006AD324 /* Build configuration list for PBXNativeTarget "ChatAI" */ = {
			isa = XCConfigurationList;
			buildConfigurations = (
				CB2578A0294DF842006AD324 /* Debug */,
				CB2578A1294DF842006AD324 /* Release */,
			);
			defaultConfigurationIsVisible = 0;
			defaultConfigurationName = Release;
		};
/* End XCConfigurationList section */

/* Begin XCRemoteSwiftPackageReference section */
		CB2578A2294E0622006AD324 /* XCRemoteSwiftPackageReference "OpenAISwift" */ = {
			isa = XCRemoteSwiftPackageReference;
			repositoryURL = "https://github.com/adamrushy/OpenAISwift.git";
			requirement = {
				kind = upToNextMinorVersion;
				minimumVersion = 1.1.0;
			};
		};
/* End XCRemoteSwiftPackageReference section */

/* Begin XCSwiftPackageProductDependency section */
		CB2578A3294E0622006AD324 /* OpenAISwift */ = {
			isa = XCSwiftPackageProductDependency;
			package = CB2578A2294E0622006AD324 /* XCRemoteSwiftPackageReference "OpenAISwift" */;
			productName = OpenAISwift;
		};
/* End XCSwiftPackageProductDependency section */
	};
	rootObject = CB257889294DF842006AD324 /* Project object */;
}
